
Microsoft Visual Studio Solution File, Format Version 12.00
# Visual Studio 15
VisualStudioVersion = 15.0.27703.2047
MinimumVisualStudioVersion = 10.0.40219.1
Project("{FAE04EC0-301F-11D3-BF4B-00C04F79EFBC}") = "Proyecto01", "Proyecto01\Proyecto01.csproj", "{10F46DE6-0630-4A78-AA49-533EB806C87F}"
EndProject
Project("{FAE04EC0-301F-11D3-BF4B-00C04F79EFBC}") = "ejercicio 01", "ejercicio 01\ejercicio 01.csproj", "{B758190A-09C8-4D5F-A355-452A12FA47D8}"
EndProject
Project("{FAE04EC0-301F-11D3-BF4B-00C04F79EFBC}") = "Clase_02", "Clase_02\Clase_02.csproj", "{B2C4FEF9-B5E2-44BD-ACAC-CE34F2F9613F}"
EndProject
Project("{FAE04EC0-301F-11D3-BF4B-00C04F79EFBC}") = "clase_03", "clase_03\clase_03.csproj", "{7CED6D3C-1310-4432-961C-9F124562D9A0}"
EndProject
Project("{FAE04EC0-301F-11D3-BF4B-00C04F79EFBC}") = "Librerias", "Librerias\Librerias.csproj", "{B2081782-F918-4B99-92C6-486A652FD621}"
EndProject
Project("{9A19103F-16F7-4668-BE54-9A1E7A4F7556}") = "clase_04", "clase_04\clase_04.csproj", "{5EE47CC5-17C6-43B2-851A-ED4582CBF8C6}"
EndProject
Project("{FAE04EC0-301F-11D3-BF4B-00C04F79EFBC}") = "clase_04Libreria", "clase_04Libreria\clase_04Libreria.csproj", "{D1C848CE-AE49-4B6A-B8C0-1B83E54482C0}"
EndProject
Project("{FAE04EC0-301F-11D3-BF4B-00C04F79EFBC}") = "Clase4.WindowForms", "Clase4.WindowForms\Clase4.WindowForms.csproj", "{3E764D06-B675-4FEA-A7F0-185437855A2D}"
EndProject
Project("{FAE04EC0-301F-11D3-BF4B-00C04F79EFBC}") = "clase_05.Entidades", "clase_05.Entidades\clase_05.Entidades.csproj", "{95D87995-6C59-49D5-A3C4-D8AB8DAB175E}"
EndProject
Project("{FAE04EC0-301F-11D3-BF4B-00C04F79EFBC}") = "Clase_05.test", "Clase_05.test\Clase_05.test.csproj", "{DEA471C4-CDDC-49BD-8CB8-C04FFA32C745}"
EndProject
Project("{FAE04EC0-301F-11D3-BF4B-00C04F79EFBC}") = "Clase_06test", "Clase_06test\Clase_06test.csproj", "{164BBD2C-BF0B-4A37-A120-C13A913F813D}"
EndProject
Project("{FAE04EC0-301F-11D3-BF4B-00C04F79EFBC}") = "ftmPaleta", "ftmPaleta\ftmPaleta.csproj", "{9FAC9480-A9D9-422D-B0AB-02103488613C}"
EndProject
Project("{FAE04EC0-301F-11D3-BF4B-00C04F79EFBC}") = "ftmTempera", "ftmTempera\ftmTempera.csproj", "{4AB3B236-3899-440A-9F4B-20E015E9D59C}"
EndProject
Project("{FAE04EC0-301F-11D3-BF4B-00C04F79EFBC}") = "EntidadesVehiculo", "EntidadesVehiculo\EntidadesVehiculo.csproj", "{0BF54153-7271-4E30-A830-6E6D85925761}"
EndProject
Project("{FAE04EC0-301F-11D3-BF4B-00C04F79EFBC}") = "pruebaVehiculo", "pruebaVehiculo\pruebaVehiculo.csproj", "{A7164BCB-C0FD-46AA-8128-456A7DC15255}"
EndProject
Global
	GlobalSection(SolutionConfigurationPlatforms) = preSolution
		Debug|Any CPU = Debug|Any CPU
		Release|Any CPU = Release|Any CPU
	EndGlobalSection
	GlobalSection(ProjectConfigurationPlatforms) = postSolution
		{10F46DE6-0630-4A78-AA49-533EB806C87F}.Debug|Any CPU.ActiveCfg = Debug|Any CPU
		{10F46DE6-0630-4A78-AA49-533EB806C87F}.Debug|Any CPU.Build.0 = Debug|Any CPU
		{10F46DE6-0630-4A78-AA49-533EB806C87F}.Release|Any CPU.ActiveCfg = Release|Any CPU
		{10F46DE6-0630-4A78-AA49-533EB806C87F}.Release|Any CPU.Build.0 = Release|Any CPU
		{B758190A-09C8-4D5F-A355-452A12FA47D8}.Debug|Any CPU.ActiveCfg = Debug|Any CPU
		{B758190A-09C8-4D5F-A355-452A12FA47D8}.Debug|Any CPU.Build.0 = Debug|Any CPU
		{B758190A-09C8-4D5F-A355-452A12FA47D8}.Release|Any CPU.ActiveCfg = Release|Any CPU
		{B758190A-09C8-4D5F-A355-452A12FA47D8}.Release|Any CPU.Build.0 = Release|Any CPU
		{B2C4FEF9-B5E2-44BD-ACAC-CE34F2F9613F}.Debug|Any CPU.ActiveCfg = Debug|Any CPU
		{B2C4FEF9-B5E2-44BD-ACAC-CE34F2F9613F}.Debug|Any CPU.Build.0 = Debug|Any CPU
		{B2C4FEF9-B5E2-44BD-ACAC-CE34F2F9613F}.Release|Any CPU.ActiveCfg = Release|Any CPU
		{B2C4FEF9-B5E2-44BD-ACAC-CE34F2F9613F}.Release|Any CPU.Build.0 = Release|Any CPU
		{7CED6D3C-1310-4432-961C-9F124562D9A0}.Debug|Any CPU.ActiveCfg = Debug|Any CPU
		{7CED6D3C-1310-4432-961C-9F124562D9A0}.Debug|Any CPU.Build.0 = Debug|Any CPU
		{7CED6D3C-1310-4432-961C-9F124562D9A0}.Release|Any CPU.ActiveCfg = Release|Any CPU
		{7CED6D3C-1310-4432-961C-9F124562D9A0}.Release|Any CPU.Build.0 = Release|Any CPU
		{B2081782-F918-4B99-92C6-486A652FD621}.Debug|Any CPU.ActiveCfg = Debug|Any CPU
		{B2081782-F918-4B99-92C6-486A652FD621}.Debug|Any CPU.Build.0 = Debug|Any CPU
		{B2081782-F918-4B99-92C6-486A652FD621}.Release|Any CPU.ActiveCfg = Release|Any CPU
		{B2081782-F918-4B99-92C6-486A652FD621}.Release|Any CPU.Build.0 = Release|Any CPU
		{5EE47CC5-17C6-43B2-851A-ED4582CBF8C6}.Debug|Any CPU.ActiveCfg = Debug|Any CPU
		{5EE47CC5-17C6-43B2-851A-ED4582CBF8C6}.Debug|Any CPU.Build.0 = Debug|Any CPU
		{5EE47CC5-17C6-43B2-851A-ED4582CBF8C6}.Release|Any CPU.ActiveCfg = Release|Any CPU
		{5EE47CC5-17C6-43B2-851A-ED4582CBF8C6}.Release|Any CPU.Build.0 = Release|Any CPU
		{D1C848CE-AE49-4B6A-B8C0-1B83E54482C0}.Debug|Any CPU.ActiveCfg = Debug|Any CPU
		{D1C848CE-AE49-4B6A-B8C0-1B83E54482C0}.Debug|Any CPU.Build.0 = Debug|Any CPU
		{D1C848CE-AE49-4B6A-B8C0-1B83E54482C0}.Release|Any CPU.ActiveCfg = Release|Any CPU
		{D1C848CE-AE49-4B6A-B8C0-1B83E54482C0}.Release|Any CPU.Build.0 = Release|Any CPU
		{3E764D06-B675-4FEA-A7F0-185437855A2D}.Debug|Any CPU.ActiveCfg = Debug|Any CPU
		{3E764D06-B675-4FEA-A7F0-185437855A2D}.Debug|Any CPU.Build.0 = Debug|Any CPU
		{3E764D06-B675-4FEA-A7F0-185437855A2D}.Release|Any CPU.ActiveCfg = Release|Any CPU
		{3E764D06-B675-4FEA-A7F0-185437855A2D}.Release|Any CPU.Build.0 = Release|Any CPU
		{95D87995-6C59-49D5-A3C4-D8AB8DAB175E}.Debug|Any CPU.ActiveCfg = Debug|Any CPU
		{95D87995-6C59-49D5-A3C4-D8AB8DAB175E}.Debug|Any CPU.Build.0 = Debug|Any CPU
		{95D87995-6C59-49D5-A3C4-D8AB8DAB175E}.Release|Any CPU.ActiveCfg = Release|Any CPU
		{95D87995-6C59-49D5-A3C4-D8AB8DAB175E}.Release|Any CPU.Build.0 = Release|Any CPU
		{DEA471C4-CDDC-49BD-8CB8-C04FFA32C745}.Debug|Any CPU.ActiveCfg = Debug|Any CPU
		{DEA471C4-CDDC-49BD-8CB8-C04FFA32C745}.Debug|Any CPU.Build.0 = Debug|Any CPU
		{DEA471C4-CDDC-49BD-8CB8-C04FFA32C745}.Release|Any CPU.ActiveCfg = Release|Any CPU
		{DEA471C4-CDDC-49BD-8CB8-C04FFA32C745}.Release|Any CPU.Build.0 = Release|Any CPU
		{164BBD2C-BF0B-4A37-A120-C13A913F813D}.Debug|Any CPU.ActiveCfg = Debug|Any CPU
		{164BBD2C-BF0B-4A37-A120-C13A913F813D}.Debug|Any CPU.Build.0 = Debug|Any CPU
		{164BBD2C-BF0B-4A37-A120-C13A913F813D}.Release|Any CPU.ActiveCfg = Release|Any CPU
		{164BBD2C-BF0B-4A37-A120-C13A913F813D}.Release|Any CPU.Build.0 = Release|Any CPU
		{9FAC9480-A9D9-422D-B0AB-02103488613C}.Debug|Any CPU.ActiveCfg = Debug|Any CPU
		{9FAC9480-A9D9-422D-B0AB-02103488613C}.Debug|Any CPU.Build.0 = Debug|Any CPU
		{9FAC9480-A9D9-422D-B0AB-02103488613C}.Release|Any CPU.ActiveCfg = Release|Any CPU
		{9FAC9480-A9D9-422D-B0AB-02103488613C}.Release|Any CPU.Build.0 = Release|Any CPU
		{4AB3B236-3899-440A-9F4B-20E015E9D59C}.Debug|Any CPU.ActiveCfg = Debug|Any CPU
		{4AB3B236-3899-440A-9F4B-20E015E9D59C}.Debug|Any CPU.Build.0 = Debug|Any CPU
		{4AB3B236-3899-440A-9F4B-20E015E9D59C}.Release|Any CPU.ActiveCfg = Release|Any CPU
		{4AB3B236-3899-440A-9F4B-20E015E9D59C}.Release|Any CPU.Build.0 = Release|Any CPU
		{0BF54153-7271-4E30-A830-6E6D85925761}.Debug|Any CPU.ActiveCfg = Debug|Any CPU
		{0BF54153-7271-4E30-A830-6E6D85925761}.Debug|Any CPU.Build.0 = Debug|Any CPU
		{0BF54153-7271-4E30-A830-6E6D85925761}.Release|Any CPU.ActiveCfg = Release|Any CPU
		{0BF54153-7271-4E30-A830-6E6D85925761}.Release|Any CPU.Build.0 = Release|Any CPU
		{A7164BCB-C0FD-46AA-8128-456A7DC15255}.Debug|Any CPU.ActiveCfg = Debug|Any CPU
		{A7164BCB-C0FD-46AA-8128-456A7DC15255}.Debug|Any CPU.Build.0 = Debug|Any CPU
		{A7164BCB-C0FD-46AA-8128-456A7DC15255}.Release|Any CPU.ActiveCfg = Release|Any CPU
		{A7164BCB-C0FD-46AA-8128-456A7DC15255}.Release|Any CPU.Build.0 = Release|Any CPU
	EndGlobalSection
	GlobalSection(SolutionProperties) = preSolution
		HideSolutionNode = FALSE
	EndGlobalSection
	GlobalSection(ExtensibilityGlobals) = postSolution
		SolutionGuid = {7060B1F9-C678-4FBF-BF25-BE6240873CFC}
	EndGlobalSection
EndGlobal
