
Microsoft Visual Studio Solution File, Format Version 12.00
# Visual Studio 15
VisualStudioVersion = 15.0.27703.2047
MinimumVisualStudioVersion = 10.0.40219.1
Project("{FAE04EC0-301F-11D3-BF4B-00C04F79EFBC}") = "EntidadesDeposito", "EntidadesDeposito\EntidadesDeposito.csproj", "{B63BECE4-6158-4275-B8D5-8C0950BCC024}"
EndProject
Project("{FAE04EC0-301F-11D3-BF4B-00C04F79EFBC}") = "TestEntidades", "TestEntidades\TestEntidades.csproj", "{DF5DBA8B-477A-46A1-B716-21F463C55006}"
EndProject
Global
	GlobalSection(SolutionConfigurationPlatforms) = preSolution
		Debug|Any CPU = Debug|Any CPU
		Release|Any CPU = Release|Any CPU
	EndGlobalSection
	GlobalSection(ProjectConfigurationPlatforms) = postSolution
		{B63BECE4-6158-4275-B8D5-8C0950BCC024}.Debug|Any CPU.ActiveCfg = Debug|Any CPU
		{B63BECE4-6158-4275-B8D5-8C0950BCC024}.Debug|Any CPU.Build.0 = Debug|Any CPU
		{B63BECE4-6158-4275-B8D5-8C0950BCC024}.Release|Any CPU.ActiveCfg = Release|Any CPU
		{B63BECE4-6158-4275-B8D5-8C0950BCC024}.Release|Any CPU.Build.0 = Release|Any CPU
		{DF5DBA8B-477A-46A1-B716-21F463C55006}.Debug|Any CPU.ActiveCfg = Debug|Any CPU
		{DF5DBA8B-477A-46A1-B716-21F463C55006}.Debug|Any CPU.Build.0 = Debug|Any CPU
		{DF5DBA8B-477A-46A1-B716-21F463C55006}.Release|Any CPU.ActiveCfg = Release|Any CPU
		{DF5DBA8B-477A-46A1-B716-21F463C55006}.Release|Any CPU.Build.0 = Release|Any CPU
	EndGlobalSection
	GlobalSection(SolutionProperties) = preSolution
		HideSolutionNode = FALSE
	EndGlobalSection
	GlobalSection(ExtensibilityGlobals) = postSolution
		SolutionGuid = {77FD69A5-3EA9-4165-AF07-F4F555A36BF5}
	EndGlobalSection
EndGlobal
