
Microsoft Visual Studio Solution File, Format Version 12.00
# Visual Studio 15
VisualStudioVersion = 15.0.28307.271
MinimumVisualStudioVersion = 10.0.40219.1
Project("{FAE04EC0-301F-11D3-BF4B-00C04F79EFBC}") = "VistaConsola", "VistaConsola\VistaConsola.csproj", "{ECEC76FB-083E-4036-B7AF-99BF50FE38FD}"
EndProject
Project("{FAE04EC0-301F-11D3-BF4B-00C04F79EFBC}") = "Entidades", "Entidades\Entidades.csproj", "{4BC2E449-8EEA-45F2-857E-73F66B1D6B06}"
EndProject
Project("{FAE04EC0-301F-11D3-BF4B-00C04F79EFBC}") = "VistaForm", "VistaForm\VistaForm.csproj", "{16EEC3B8-38EE-407F-97B8-C8DAE8EB4711}"
EndProject
Global
	GlobalSection(SolutionConfigurationPlatforms) = preSolution
		Debug|Any CPU = Debug|Any CPU
		Release|Any CPU = Release|Any CPU
	EndGlobalSection
	GlobalSection(ProjectConfigurationPlatforms) = postSolution
		{ECEC76FB-083E-4036-B7AF-99BF50FE38FD}.Debug|Any CPU.ActiveCfg = Debug|Any CPU
		{ECEC76FB-083E-4036-B7AF-99BF50FE38FD}.Debug|Any CPU.Build.0 = Debug|Any CPU
		{ECEC76FB-083E-4036-B7AF-99BF50FE38FD}.Release|Any CPU.ActiveCfg = Release|Any CPU
		{ECEC76FB-083E-4036-B7AF-99BF50FE38FD}.Release|Any CPU.Build.0 = Release|Any CPU
		{4BC2E449-8EEA-45F2-857E-73F66B1D6B06}.Debug|Any CPU.ActiveCfg = Debug|Any CPU
		{4BC2E449-8EEA-45F2-857E-73F66B1D6B06}.Debug|Any CPU.Build.0 = Debug|Any CPU
		{4BC2E449-8EEA-45F2-857E-73F66B1D6B06}.Release|Any CPU.ActiveCfg = Release|Any CPU
		{4BC2E449-8EEA-45F2-857E-73F66B1D6B06}.Release|Any CPU.Build.0 = Release|Any CPU
		{16EEC3B8-38EE-407F-97B8-C8DAE8EB4711}.Debug|Any CPU.ActiveCfg = Debug|Any CPU
		{16EEC3B8-38EE-407F-97B8-C8DAE8EB4711}.Debug|Any CPU.Build.0 = Debug|Any CPU
		{16EEC3B8-38EE-407F-97B8-C8DAE8EB4711}.Release|Any CPU.ActiveCfg = Release|Any CPU
		{16EEC3B8-38EE-407F-97B8-C8DAE8EB4711}.Release|Any CPU.Build.0 = Release|Any CPU
	EndGlobalSection
	GlobalSection(SolutionProperties) = preSolution
		HideSolutionNode = FALSE
	EndGlobalSection
	GlobalSection(ExtensibilityGlobals) = postSolution
		SolutionGuid = {315A356E-42C4-44B4-B029-405D263EAE84}
	EndGlobalSection
EndGlobal
